// !$*UTF8*$!
{
	archiveVersion = 1;
	classes = {
	};
	objectVersion = 50;
	objects = {

/* Begin PBXBuildFile section */
		7AB0A6CD240D80C500CE62B1 /* AppDelegate.swift in Sources */ = {isa = PBXBuildFile; fileRef = 7AB0A6CC240D80C500CE62B1 /* AppDelegate.swift */; };
		7AB0A6CF240D80C500CE62B1 /* SceneDelegate.swift in Sources */ = {isa = PBXBuildFile; fileRef = 7AB0A6CE240D80C500CE62B1 /* SceneDelegate.swift */; };
		7AB0A6D4240D80C500CE62B1 /* Main.storyboard in Resources */ = {isa = PBXBuildFile; fileRef = 7AB0A6D2240D80C500CE62B1 /* Main.storyboard */; };
		7AB0A6D7240D80C500CE62B1 /* Todoey.xcdatamodeld in Sources */ = {isa = PBXBuildFile; fileRef = 7AB0A6D5240D80C500CE62B1 /* Todoey.xcdatamodeld */; };
		7AB0A6D9240D80C800CE62B1 /* Assets.xcassets in Resources */ = {isa = PBXBuildFile; fileRef = 7AB0A6D8240D80C800CE62B1 /* Assets.xcassets */; };
		7AB0A6DC240D80C800CE62B1 /* LaunchScreen.storyboard in Resources */ = {isa = PBXBuildFile; fileRef = 7AB0A6DA240D80C800CE62B1 /* LaunchScreen.storyboard */; };
		7AB0A6E7240D814200CE62B1 /* CategoryViewController.swift in Sources */ = {isa = PBXBuildFile; fileRef = 7AB0A6E6240D814200CE62B1 /* CategoryViewController.swift */; };
		7AB0A6E9240D815B00CE62B1 /* TodoListViewController.swift in Sources */ = {isa = PBXBuildFile; fileRef = 7AB0A6E8240D815B00CE62B1 /* TodoListViewController.swift */; };
/* End PBXBuildFile section */

/* Begin PBXFileReference section */
		7AB0A6C9240D80C500CE62B1 /* Todoey.app */ = {isa = PBXFileReference; explicitFileType = wrapper.application; includeInIndex = 0; path = Todoey.app; sourceTree = BUILT_PRODUCTS_DIR; };
		7AB0A6CC240D80C500CE62B1 /* AppDelegate.swift */ = {isa = PBXFileReference; lastKnownFileType = sourcecode.swift; path = AppDelegate.swift; sourceTree = "<group>"; };
		7AB0A6CE240D80C500CE62B1 /* SceneDelegate.swift */ = {isa = PBXFileReference; lastKnownFileType = sourcecode.swift; path = SceneDelegate.swift; sourceTree = "<group>"; };
		7AB0A6D3240D80C500CE62B1 /* Base */ = {isa = PBXFileReference; lastKnownFileType = file.storyboard; name = Base; path = Base.lproj/Main.storyboard; sourceTree = "<group>"; };
		7AB0A6D6240D80C500CE62B1 /* Todoey.xcdatamodel */ = {isa = PBXFileReference; lastKnownFileType = wrapper.xcdatamodel; path = Todoey.xcdatamodel; sourceTree = "<group>"; };
		7AB0A6D8240D80C800CE62B1 /* Assets.xcassets */ = {isa = PBXFileReference; lastKnownFileType = folder.assetcatalog; path = Assets.xcassets; sourceTree = "<group>"; };
		7AB0A6DB240D80C800CE62B1 /* Base */ = {isa = PBXFileReference; lastKnownFileType = file.storyboard; name = Base; path = Base.lproj/LaunchScreen.storyboard; sourceTree = "<group>"; };
		7AB0A6DD240D80C800CE62B1 /* Info.plist */ = {isa = PBXFileReference; lastKnownFileType = text.plist.xml; path = Info.plist; sourceTree = "<group>"; };
		7AB0A6E6240D814200CE62B1 /* CategoryViewController.swift */ = {isa = PBXFileReference; lastKnownFileType = sourcecode.swift; path = CategoryViewController.swift; sourceTree = "<group>"; };
		7AB0A6E8240D815B00CE62B1 /* TodoListViewController.swift */ = {isa = PBXFileReference; lastKnownFileType = sourcecode.swift; path = TodoListViewController.swift; sourceTree = "<group>"; };
/* End PBXFileReference section */

/* Begin PBXFrameworksBuildPhase section */
		7AB0A6C6240D80C500CE62B1 /* Frameworks */ = {
			isa = PBXFrameworksBuildPhase;
			buildActionMask = 2147483647;
			files = (
			);
			runOnlyForDeploymentPostprocessing = 0;
		};
/* End PBXFrameworksBuildPhase section */

/* Begin PBXGroup section */
		7AB0A6C0240D80C500CE62B1 = {
			isa = PBXGroup;
			children = (
				7AB0A6CB240D80C500CE62B1 /* Todoey */,
				7AB0A6CA240D80C500CE62B1 /* Products */,
			);
			sourceTree = "<group>";
		};
		7AB0A6CA240D80C500CE62B1 /* Products */ = {
			isa = PBXGroup;
			children = (
				7AB0A6C9240D80C500CE62B1 /* Todoey.app */,
			);
			name = Products;
			sourceTree = "<group>";
		};
		7AB0A6CB240D80C500CE62B1 /* Todoey */ = {
			isa = PBXGroup;
			children = (
				7AB0A6CC240D80C500CE62B1 /* AppDelegate.swift */,
				7AB0A6CE240D80C500CE62B1 /* SceneDelegate.swift */,
				7AB0A6E5240D80FB00CE62B1 /* Data Model */,
				7AB0A6E4240D80EE00CE62B1 /* View */,
				7AB0A6E3240D80D700CE62B1 /* Controller */,
				7AB0A6D8240D80C800CE62B1 /* Assets.xcassets */,
				7AB0A6DA240D80C800CE62B1 /* LaunchScreen.storyboard */,
				7AB0A6DD240D80C800CE62B1 /* Info.plist */,
			);
			path = Todoey;
			sourceTree = "<group>";
		};
		7AB0A6E3240D80D700CE62B1 /* Controller */ = {
			isa = PBXGroup;
			children = (
				7AB0A6E6240D814200CE62B1 /* CategoryViewController.swift */,
				7AB0A6E8240D815B00CE62B1 /* TodoListViewController.swift */,
			);
			path = Controller;
			sourceTree = "<group>";
		};
		7AB0A6E4240D80EE00CE62B1 /* View */ = {
			isa = PBXGroup;
			children = (
				7AB0A6D2240D80C500CE62B1 /* Main.storyboard */,
			);
			path = View;
			sourceTree = "<group>";
		};
		7AB0A6E5240D80FB00CE62B1 /* Data Model */ = {
			isa = PBXGroup;
			children = (
				7AB0A6D5240D80C500CE62B1 /* Todoey.xcdatamodeld */,
			);
			path = "Data Model";
			sourceTree = "<group>";
		};
/* End PBXGroup section */

/* Begin PBXNativeTarget section */
		7AB0A6C8240D80C500CE62B1 /* Todoey */ = {
			isa = PBXNativeTarget;
			buildConfigurationList = 7AB0A6E0240D80C800CE62B1 /* Build configuration list for PBXNativeTarget "Todoey" */;
			buildPhases = (
				7AB0A6C5240D80C500CE62B1 /* Sources */,
				7AB0A6C6240D80C500CE62B1 /* Frameworks */,
				7AB0A6C7240D80C500CE62B1 /* Resources */,
			);
			buildRules = (
			);
			dependencies = (
			);
			name = Todoey;
			productName = Todoey;
			productReference = 7AB0A6C9240D80C500CE62B1 /* Todoey.app */;
			productType = "com.apple.product-type.application";
		};
/* End PBXNativeTarget section */

/* Begin PBXProject section */
		7AB0A6C1240D80C500CE62B1 /* Project object */ = {
			isa = PBXProject;
			attributes = {
				LastSwiftUpdateCheck = 1130;
				LastUpgradeCheck = 1130;
				ORGANIZATIONNAME = "Adrien GAILLET";
				TargetAttributes = {
					7AB0A6C8240D80C500CE62B1 = {
						CreatedOnToolsVersion = 11.3.1;
					};
				};
			};
			buildConfigurationList = 7AB0A6C4240D80C500CE62B1 /* Build configuration list for PBXProject "Todoey" */;
			compatibilityVersion = "Xcode 9.3";
			developmentRegion = en;
			hasScannedForEncodings = 0;
			knownRegions = (
				en,
				Base,
			);
			mainGroup = 7AB0A6C0240D80C500CE62B1;
			productRefGroup = 7AB0A6CA240D80C500CE62B1 /* Products */;
			projectDirPath = "";
			projectRoot = "";
			targets = (
				7AB0A6C8240D80C500CE62B1 /* Todoey */,
			);
		};
/* End PBXProject section */

/* Begin PBXResourcesBuildPhase section */
		7AB0A6C7240D80C500CE62B1 /* Resources */ = {
			isa = PBXResourcesBuildPhase;
			buildActionMask = 2147483647;
			files = (
				7AB0A6DC240D80C800CE62B1 /* LaunchScreen.storyboard in Resources */,
				7AB0A6D9240D80C800CE62B1 /* Assets.xcassets in Resources */,
				7AB0A6D4240D80C500CE62B1 /* Main.storyboard in Resources */,
			);
			runOnlyForDeploymentPostprocessing = 0;
		};
/* End PBXResourcesBuildPhase section */

/* Begin PBXSourcesBuildPhase section */
		7AB0A6C5240D80C500CE62B1 /* Sources */ = {
			isa = PBXSourcesBuildPhase;
			buildActionMask = 2147483647;
			files = (
				7AB0A6E7240D814200CE62B1 /* CategoryViewController.swift in Sources */,
				7AB0A6CD240D80C500CE62B1 /* AppDelegate.swift in Sources */,
				7AB0A6CF240D80C500CE62B1 /* SceneDelegate.swift in Sources */,
				7AB0A6D7240D80C500CE62B1 /* Todoey.xcdatamodeld in Sources */,
				7AB0A6E9240D815B00CE62B1 /* TodoListViewController.swift in Sources */,
			);
			runOnlyForDeploymentPostprocessing = 0;
		};
/* End PBXSourcesBuildPhase section */

/* Begin PBXVariantGroup section */
		7AB0A6D2240D80C500CE62B1 /* Main.storyboard */ = {
			isa = PBXVariantGroup;
			children = (
				7AB0A6D3240D80C500CE62B1 /* Base */,
			);
			name = Main.storyboard;
			sourceTree = "<group>";
		};
		7AB0A6DA240D80C800CE62B1 /* LaunchScreen.storyboard */ = {
			isa = PBXVariantGroup;
			children = (
				7AB0A6DB240D80C800CE62B1 /* Base */,
			);
			name = LaunchScreen.storyboard;
			sourceTree = "<group>";
		};
/* End PBXVariantGroup section */

/* Begin XCBuildConfiguration section */
		7AB0A6DE240D80C800CE62B1 /* Debug */ = {
			isa = XCBuildConfiguration;
			buildSettings = {
				ALWAYS_SEARCH_USER_PATHS = NO;
				CLANG_ANALYZER_NONNULL = YES;
				CLANG_ANALYZER_NUMBER_OBJECT_CONVERSION = YES_AGGRESSIVE;
				CLANG_CXX_LANGUAGE_STANDARD = "gnu++14";
				CLANG_CXX_LIBRARY = "libc++";
				CLANG_ENABLE_MODULES = YES;
				CLANG_ENABLE_OBJC_ARC = YES;
				CLANG_ENABLE_OBJC_WEAK = YES;
				CLANG_WARN_BLOCK_CAPTURE_AUTORELEASING = YES;
				CLANG_WARN_BOOL_CONVERSION = YES;
				CLANG_WARN_COMMA = YES;
				CLANG_WARN_CONSTANT_CONVERSION = YES;
				CLANG_WARN_DEPRECATED_OBJC_IMPLEMENTATIONS = YES;
				CLANG_WARN_DIRECT_OBJC_ISA_USAGE = YES_ERROR;
				CLANG_WARN_DOCUMENTATION_COMMENTS = YES;
				CLANG_WARN_EMPTY_BODY = YES;
				CLANG_WARN_ENUM_CONVERSION = YES;
				CLANG_WARN_INFINITE_RECURSION = YES;
				CLANG_WARN_INT_CONVERSION = YES;
				CLANG_WARN_NON_LITERAL_NULL_CONVERSION = YES;
				CLANG_WARN_OBJC_IMPLICIT_RETAIN_SELF = YES;
				CLANG_WARN_OBJC_LITERAL_CONVERSION = YES;
				CLANG_WARN_OBJC_ROOT_CLASS = YES_ERROR;
				CLANG_WARN_RANGE_LOOP_ANALYSIS = YES;
				CLANG_WARN_STRICT_PROTOTYPES = YES;
				CLANG_WARN_SUSPICIOUS_MOVE = YES;
				CLANG_WARN_UNGUARDED_AVAILABILITY = YES_AGGRESSIVE;
				CLANG_WARN_UNREACHABLE_CODE = YES;
				CLANG_WARN__DUPLICATE_METHOD_MATCH = YES;
				COPY_PHASE_STRIP = NO;
				DEBUG_INFORMATION_FORMAT = dwarf;
				ENABLE_STRICT_OBJC_MSGSEND = YES;
				ENABLE_TESTABILITY = YES;
				GCC_C_LANGUAGE_STANDARD = gnu11;
				GCC_DYNAMIC_NO_PIC = NO;
				GCC_NO_COMMON_BLOCKS = YES;
				GCC_OPTIMIZATION_LEVEL = 0;
				GCC_PREPROCESSOR_DEFINITIONS = (
					"DEBUG=1",
					"$(inherited)",
				);
				GCC_WARN_64_TO_32_BIT_CONVERSION = YES;
				GCC_WARN_ABOUT_RETURN_TYPE = YES_ERROR;
				GCC_WARN_UNDECLARED_SELECTOR = YES;
				GCC_WARN_UNINITIALIZED_AUTOS = YES_AGGRESSIVE;
				GCC_WARN_UNUSED_FUNCTION = YES;
				GCC_WARN_UNUSED_VARIABLE = YES;
				IPHONEOS_DEPLOYMENT_TARGET = 13.2;
				MTL_ENABLE_DEBUG_INFO = INCLUDE_SOURCE;
				MTL_FAST_MATH = YES;
				ONLY_ACTIVE_ARCH = YES;
				SDKROOT = iphoneos;
				SWIFT_ACTIVE_COMPILATION_CONDITIONS = DEBUG;
				SWIFT_OPTIMIZATION_LEVEL = "-Onone";
			};
			name = Debug;
		};
		7AB0A6DF240D80C800CE62B1 /* Release */ = {
			isa = XCBuildConfiguration;
			buildSettings = {
				ALWAYS_SEARCH_USER_PATHS = NO;
				CLANG_ANALYZER_NONNULL = YES;
				CLANG_ANALYZER_NUMBER_OBJECT_CONVERSION = YES_AGGRESSIVE;
				CLANG_CXX_LANGUAGE_STANDARD = "gnu++14";
				CLANG_CXX_LIBRARY = "libc++";
				CLANG_ENABLE_MODULES = YES;
				CLANG_ENABLE_OBJC_ARC = YES;
				CLANG_ENABLE_OBJC_WEAK = YES;
				CLANG_WARN_BLOCK_CAPTURE_AUTORELEASING = YES;
				CLANG_WARN_BOOL_CONVERSION = YES;
				CLANG_WARN_COMMA = YES;
				CLANG_WARN_CONSTANT_CONVERSION = YES;
				CLANG_WARN_DEPRECATED_OBJC_IMPLEMENTATIONS = YES;
				CLANG_WARN_DIRECT_OBJC_ISA_USAGE = YES_ERROR;
				CLANG_WARN_DOCUMENTATION_COMMENTS = YES;
				CLANG_WARN_EMPTY_BODY = YES;
				CLANG_WARN_ENUM_CONVERSION = YES;
				CLANG_WARN_INFINITE_RECURSION = YES;
				CLANG_WARN_INT_CONVERSION = YES;
				CLANG_WARN_NON_LITERAL_NULL_CONVERSION = YES;
				CLANG_WARN_OBJC_IMPLICIT_RETAIN_SELF = YES;
				CLANG_WARN_OBJC_LITERAL_CONVERSION = YES;
				CLANG_WARN_OBJC_ROOT_CLASS = YES_ERROR;
				CLANG_WARN_RANGE_LOOP_ANALYSIS = YES;
				CLANG_WARN_STRICT_PROTOTYPES = YES;
				CLANG_WARN_SUSPICIOUS_MOVE = YES;
				CLANG_WARN_UNGUARDED_AVAILABILITY = YES_AGGRESSIVE;
				CLANG_WARN_UNREACHABLE_CODE = YES;
				CLANG_WARN__DUPLICATE_METHOD_MATCH = YES;
				COPY_PHASE_STRIP = NO;
				DEBUG_INFORMATION_FORMAT = "dwarf-with-dsym";
				ENABLE_NS_ASSERTIONS = NO;
				ENABLE_STRICT_OBJC_MSGSEND = YES;
				GCC_C_LANGUAGE_STANDARD = gnu11;
				GCC_NO_COMMON_BLOCKS = YES;
				GCC_WARN_64_TO_32_BIT_CONVERSION = YES;
				GCC_WARN_ABOUT_RETURN_TYPE = YES_ERROR;
				GCC_WARN_UNDECLARED_SELECTOR = YES;
				GCC_WARN_UNINITIALIZED_AUTOS = YES_AGGRESSIVE;
				GCC_WARN_UNUSED_FUNCTION = YES;
				GCC_WARN_UNUSED_VARIABLE = YES;
				IPHONEOS_DEPLOYMENT_TARGET = 13.2;
				MTL_ENABLE_DEBUG_INFO = NO;
				MTL_FAST_MATH = YES;
				SDKROOT = iphoneos;
				SWIFT_COMPILATION_MODE = wholemodule;
				SWIFT_OPTIMIZATION_LEVEL = "-O";
				VALIDATE_PRODUCT = YES;
			};
			name = Release;
		};
		7AB0A6E1240D80C800CE62B1 /* Debug */ = {
			isa = XCBuildConfiguration;
			buildSettings = {
				ASSETCATALOG_COMPILER_APPICON_NAME = AppIcon;
				CODE_SIGN_STYLE = Automatic;
				INFOPLIST_FILE = Todoey/Info.plist;
				LD_RUNPATH_SEARCH_PATHS = (
					"$(inherited)",
					"@executable_path/Frameworks",
				);
				PRODUCT_BUNDLE_IDENTIFIER = com.adrigaillet.Todoey;
				PRODUCT_NAME = "$(TARGET_NAME)";
				SWIFT_VERSION = 5.0;
				TARGETED_DEVICE_FAMILY = "1,2";
			};
			name = Debug;
		};
		7AB0A6E2240D80C800CE62B1 /* Release */ = {
			isa = XCBuildConfiguration;
			buildSettings = {
				ASSETCATALOG_COMPILER_APPICON_NAME = AppIcon;
				CODE_SIGN_STYLE = Automatic;
				INFOPLIST_FILE = Todoey/Info.plist;
				LD_RUNPATH_SEARCH_PATHS = (
					"$(inherited)",
					"@executable_path/Frameworks",
				);
				PRODUCT_BUNDLE_IDENTIFIER = com.adrigaillet.Todoey;
				PRODUCT_NAME = "$(TARGET_NAME)";
				SWIFT_VERSION = 5.0;
				TARGETED_DEVICE_FAMILY = "1,2";
			};
			name = Release;
		};
/* End XCBuildConfiguration section */

/* Begin XCConfigurationList section */
		7AB0A6C4240D80C500CE62B1 /* Build configuration list for PBXProject "Todoey" */ = {
			isa = XCConfigurationList;
			buildConfigurations = (
				7AB0A6DE240D80C800CE62B1 /* Debug */,
				7AB0A6DF240D80C800CE62B1 /* Release */,
			);
			defaultConfigurationIsVisible = 0;
			defaultConfigurationName = Release;
		};
		7AB0A6E0240D80C800CE62B1 /* Build configuration list for PBXNativeTarget "Todoey" */ = {
			isa = XCConfigurationList;
			buildConfigurations = (
				7AB0A6E1240D80C800CE62B1 /* Debug */,
				7AB0A6E2240D80C800CE62B1 /* Release */,
			);
			defaultConfigurationIsVisible = 0;
			defaultConfigurationName = Release;
		};
/* End XCConfigurationList section */

/* Begin XCVersionGroup section */
		7AB0A6D5240D80C500CE62B1 /* Todoey.xcdatamodeld */ = {
			isa = XCVersionGroup;
			children = (
				7AB0A6D6240D80C500CE62B1 /* Todoey.xcdatamodel */,
			);
			currentVersion = 7AB0A6D6240D80C500CE62B1 /* Todoey.xcdatamodel */;
			path = Todoey.xcdatamodeld;
			sourceTree = "<group>";
			versionGroupType = wrapper.xcdatamodel;
		};
/* End XCVersionGroup section */
	};
	rootObject = 7AB0A6C1240D80C500CE62B1 /* Project object */;
}
